// !$*UTF8*$!
{
	archiveVersion = 1;
	classes = {
	};
	objectVersion = 50;
	objects = {

/* Begin PBXBuildFile section */
		AB200085278D28CF00E64DAD /* LeetCode-204.swift in Sources */ = {isa = PBXBuildFile; fileRef = AB200084278D28CF00E64DAD /* LeetCode-204.swift */; };
		AB29AC3A278EE936006ED9A5 /* LeetCode-237.swift in Sources */ = {isa = PBXBuildFile; fileRef = AB29AC39278EE936006ED9A5 /* LeetCode-237.swift */; };
		AB29AC3E278EEE76006ED9A5 /* LeetCode-19.swift in Sources */ = {isa = PBXBuildFile; fileRef = AB29AC3D278EEE76006ED9A5 /* LeetCode-19.swift */; };
		AB3F433F27997FDC00451578 /* main.swift in Sources */ = {isa = PBXBuildFile; fileRef = AB3F433E27997FDC00451578 /* main.swift */; };
		AB5768F427966C350027F052 /* TreeNode.swift in Sources */ = {isa = PBXBuildFile; fileRef = AB5768F327966C350027F052 /* TreeNode.swift */; };
		AB5768F827966DBB0027F052 /* LeetCode144.swift in Sources */ = {isa = PBXBuildFile; fileRef = AB5768F727966DBB0027F052 /* LeetCode144.swift */; };
		AB75A0F427B8B74000676764 /* LeetCode226.swift in Sources */ = {isa = PBXBuildFile; fileRef = AB75A0F327B8B74000676764 /* LeetCode226.swift */; };
		AB7AF433278FD3B70072C2D9 /* main.swift in Sources */ = {isa = PBXBuildFile; fileRef = AB7AF432278FD3B70072C2D9 /* main.swift */; };
		AB7AF438278FD41A0072C2D9 /* LeetCode20.swift in Sources */ = {isa = PBXBuildFile; fileRef = AB7AF437278FD41A0072C2D9 /* LeetCode20.swift */; };
		AB88759A273A185C00EEF17B /* main.swift in Sources */ = {isa = PBXBuildFile; fileRef = AB887599273A185C00EEF17B /* main.swift */; };
		ABAA34EF277177F000E919AC /* main.swift in Sources */ = {isa = PBXBuildFile; fileRef = ABAA34EE277177F000E919AC /* main.swift */; };
		ABAA34F4277179E000E919AC /* ListNode.swift in Sources */ = {isa = PBXBuildFile; fileRef = ABAA34F3277179E000E919AC /* ListNode.swift */; };
		ABAA34F6277181B600E919AC /* LeetCode-206.swift in Sources */ = {isa = PBXBuildFile; fileRef = ABAA34F5277181B600E919AC /* LeetCode-206.swift */; };
		ABAA34F8277184C800E919AC /* LeetCode-203.swift in Sources */ = {isa = PBXBuildFile; fileRef = ABAA34F7277184C800E919AC /* LeetCode-203.swift */; };
		ABB16B84279A57240015DE5A /* LeetCode102.swift in Sources */ = {isa = PBXBuildFile; fileRef = ABB16B83279A57240015DE5A /* LeetCode102.swift */; };
		ABB16B91279A58310015DE5A /* TreeNode.swift in Sources */ = {isa = PBXBuildFile; fileRef = ABB16B90279A58310015DE5A /* TreeNode.swift */; };
		ABB29A8E27A24DDD00138AE0 /* main.swift in Sources */ = {isa = PBXBuildFile; fileRef = ABB29A8D27A24DDD00138AE0 /* main.swift */; };
		ABB29A9327A24ECA00138AE0 /* LeetCode509.swift in Sources */ = {isa = PBXBuildFile; fileRef = ABB29A9227A24ECA00138AE0 /* LeetCode509.swift */; };
		ABBD252F27508A4A00F693AB /* main.swift in Sources */ = {isa = PBXBuildFile; fileRef = ABBD252E27508A4A00F693AB /* main.swift */; };
		ABBD253627508B9A00F693AB /* LeetCode-283.swift in Sources */ = {isa = PBXBuildFile; fileRef = ABBD253527508B9A00F693AB /* LeetCode-283.swift */; };
		ABBD253827508D9100F693AB /* LeetCode-27.swift in Sources */ = {isa = PBXBuildFile; fileRef = ABBD253727508D9100F693AB /* LeetCode-27.swift */; };
		ABBD253A2750A57000F693AB /* LeetCode-80.swift in Sources */ = {isa = PBXBuildFile; fileRef = ABBD25392750A57000F693AB /* LeetCode-80.swift */; };
		ABC4508D27586EAD00CD263E /* LeetCode-167.swift in Sources */ = {isa = PBXBuildFile; fileRef = ABC4508C27586EAD00CD263E /* LeetCode-167.swift */; };
		ABCFE9AF27A40D2000933511 /* main.swift in Sources */ = {isa = PBXBuildFile; fileRef = ABCFE9AE27A40D2000933511 /* main.swift */; };
		ABCFE9B427A40E4A00933511 /* TreeNode.swift in Sources */ = {isa = PBXBuildFile; fileRef = ABCFE9B327A40E4A00933511 /* TreeNode.swift */; };
		ABCFE9B627A40EDC00933511 /* LeetCode104.swift in Sources */ = {isa = PBXBuildFile; fileRef = ABCFE9B527A40EDC00933511 /* LeetCode104.swift */; };
		ABEB00B5279121DF001009F6 /* Stack.swift in Sources */ = {isa = PBXBuildFile; fileRef = ABEB00B4279121DF001009F6 /* Stack.swift */; };
		ABEB00B727913C6B001009F6 /* LeetCode71.swift in Sources */ = {isa = PBXBuildFile; fileRef = ABEB00B627913C6B001009F6 /* LeetCode71.swift */; };
		ABF247D32761AF0900F52637 /* LeetCode-209.swift in Sources */ = {isa = PBXBuildFile; fileRef = ABF247D22761AF0900F52637 /* LeetCode-209.swift */; };
/* End PBXBuildFile section */

/* Begin PBXCopyFilesBuildPhase section */
		AB3F433A27997FDC00451578 /* CopyFiles */ = {
			isa = PBXCopyFilesBuildPhase;
			buildActionMask = 2147483647;
			dstPath = /usr/share/man/man1/;
			dstSubfolderSpec = 0;
			files = (
			);
			runOnlyForDeploymentPostprocessing = 1;
		};
		AB7AF42E278FD3B70072C2D9 /* CopyFiles */ = {
			isa = PBXCopyFilesBuildPhase;
			buildActionMask = 2147483647;
			dstPath = /usr/share/man/man1/;
			dstSubfolderSpec = 0;
			files = (
			);
			runOnlyForDeploymentPostprocessing = 1;
		};
		AB887594273A185C00EEF17B /* CopyFiles */ = {
			isa = PBXCopyFilesBuildPhase;
			buildActionMask = 2147483647;
			dstPath = /usr/share/man/man1/;
			dstSubfolderSpec = 0;
			files = (
			);
			runOnlyForDeploymentPostprocessing = 1;
		};
		ABAA34EA277177F000E919AC /* CopyFiles */ = {
			isa = PBXCopyFilesBuildPhase;
			buildActionMask = 2147483647;
			dstPath = /usr/share/man/man1/;
			dstSubfolderSpec = 0;
			files = (
			);
			runOnlyForDeploymentPostprocessing = 1;
		};
		ABB29A8927A24DDD00138AE0 /* CopyFiles */ = {
			isa = PBXCopyFilesBuildPhase;
			buildActionMask = 2147483647;
			dstPath = /usr/share/man/man1/;
			dstSubfolderSpec = 0;
			files = (
			);
			runOnlyForDeploymentPostprocessing = 1;
		};
		ABBD252A27508A4A00F693AB /* CopyFiles */ = {
			isa = PBXCopyFilesBuildPhase;
			buildActionMask = 2147483647;
			dstPath = /usr/share/man/man1/;
			dstSubfolderSpec = 0;
			files = (
			);
			runOnlyForDeploymentPostprocessing = 1;
		};
		ABCFE9AA27A40D2000933511 /* CopyFiles */ = {
			isa = PBXCopyFilesBuildPhase;
			buildActionMask = 2147483647;
			dstPath = /usr/share/man/man1/;
			dstSubfolderSpec = 0;
			files = (
			);
			runOnlyForDeploymentPostprocessing = 1;
		};
/* End PBXCopyFilesBuildPhase section */

/* Begin PBXFileReference section */
		AB200084278D28CF00E64DAD /* LeetCode-204.swift */ = {isa = PBXFileReference; lastKnownFileType = sourcecode.swift; name = "LeetCode-204.swift"; path = "../../../03-LinkedList/Swift/LeetCode-204.swift"; sourceTree = "<group>"; };
		AB29AC39278EE936006ED9A5 /* LeetCode-237.swift */ = {isa = PBXFileReference; lastKnownFileType = sourcecode.swift; name = "LeetCode-237.swift"; path = "../../../03-LinkedList/Swift/LeetCode-237.swift"; sourceTree = "<group>"; };
		AB29AC3D278EEE76006ED9A5 /* LeetCode-19.swift */ = {isa = PBXFileReference; lastKnownFileType = sourcecode.swift; name = "LeetCode-19.swift"; path = "../../../03-LinkedList/Swift/LeetCode-19.swift"; sourceTree = "<group>"; };
		AB3F433C27997FDC00451578 /* 05-Queue */ = {isa = PBXFileReference; explicitFileType = "compiled.mach-o.executable"; includeInIndex = 0; path = "05-Queue"; sourceTree = BUILT_PRODUCTS_DIR; };
		AB3F433E27997FDC00451578 /* main.swift */ = {isa = PBXFileReference; lastKnownFileType = sourcecode.swift; path = main.swift; sourceTree = "<group>"; };
		AB5768F327966C350027F052 /* TreeNode.swift */ = {isa = PBXFileReference; lastKnownFileType = sourcecode.swift; name = TreeNode.swift; path = "../../../04-Stack/Swift/TreeNode.swift"; sourceTree = "<group>"; };
		AB5768F727966DBB0027F052 /* LeetCode144.swift */ = {isa = PBXFileReference; lastKnownFileType = sourcecode.swift; name = LeetCode144.swift; path = "../../../04-Stack/Swift/LeetCode144.swift"; sourceTree = "<group>"; };
		AB75A0F327B8B74000676764 /* LeetCode226.swift */ = {isa = PBXFileReference; lastKnownFileType = sourcecode.swift; name = LeetCode226.swift; path = "../../../07-BinaryTree/Swift/LeetCode226.swift"; sourceTree = "<group>"; };
		AB7AF430278FD3B70072C2D9 /* 04-Stack */ = {isa = PBXFileReference; explicitFileType = "compiled.mach-o.executable"; includeInIndex = 0; path = "04-Stack"; sourceTree = BUILT_PRODUCTS_DIR; };
		AB7AF432278FD3B70072C2D9 /* main.swift */ = {isa = PBXFileReference; lastKnownFileType = sourcecode.swift; path = main.swift; sourceTree = "<group>"; };
		AB7AF437278FD41A0072C2D9 /* LeetCode20.swift */ = {isa = PBXFileReference; lastKnownFileType = sourcecode.swift; name = LeetCode20.swift; path = "../../../04-Stack/Swift/LeetCode20.swift"; sourceTree = "<group>"; };
		AB887596273A185C00EEF17B /* algorithms-swift */ = {isa = PBXFileReference; explicitFileType = "compiled.mach-o.executable"; includeInIndex = 0; path = "algorithms-swift"; sourceTree = BUILT_PRODUCTS_DIR; };
		AB887599273A185C00EEF17B /* main.swift */ = {isa = PBXFileReference; lastKnownFileType = sourcecode.swift; path = main.swift; sourceTree = "<group>"; };
		ABAA34EC277177F000E919AC /* 03-LinkedList */ = {isa = PBXFileReference; explicitFileType = "compiled.mach-o.executable"; includeInIndex = 0; path = "03-LinkedList"; sourceTree = BUILT_PRODUCTS_DIR; };
		ABAA34EE277177F000E919AC /* main.swift */ = {isa = PBXFileReference; lastKnownFileType = sourcecode.swift; path = main.swift; sourceTree = "<group>"; };
		ABAA34F3277179E000E919AC /* ListNode.swift */ = {isa = PBXFileReference; lastKnownFileType = sourcecode.swift; name = ListNode.swift; path = "../../../03-LinkedList/Swift/ListNode.swift"; sourceTree = "<group>"; };
		ABAA34F5277181B600E919AC /* LeetCode-206.swift */ = {isa = PBXFileReference; lastKnownFileType = sourcecode.swift; name = "LeetCode-206.swift"; path = "../../../03-LinkedList/Swift/LeetCode-206.swift"; sourceTree = "<group>"; };
		ABAA34F7277184C800E919AC /* LeetCode-203.swift */ = {isa = PBXFileReference; lastKnownFileType = sourcecode.swift; name = "LeetCode-203.swift"; path = "../../../03-LinkedList/Swift/LeetCode-203.swift"; sourceTree = "<group>"; };
		ABB16B83279A57240015DE5A /* LeetCode102.swift */ = {isa = PBXFileReference; lastKnownFileType = sourcecode.swift; name = LeetCode102.swift; path = "../../../05-Queue/Swift/LeetCode102.swift"; sourceTree = "<group>"; };
		ABB16B90279A58310015DE5A /* TreeNode.swift */ = {isa = PBXFileReference; fileEncoding = 4; lastKnownFileType = sourcecode.swift; name = TreeNode.swift; path = "../../../05-Queue/Swift/TreeNode.swift"; sourceTree = "<group>"; };
		ABB29A8B27A24DDD00138AE0 /* 06-Recursion */ = {isa = PBXFileReference; explicitFileType = "compiled.mach-o.executable"; includeInIndex = 0; path = "06-Recursion"; sourceTree = BUILT_PRODUCTS_DIR; };
		ABB29A8D27A24DDD00138AE0 /* main.swift */ = {isa = PBXFileReference; lastKnownFileType = sourcecode.swift; path = main.swift; sourceTree = "<group>"; };
		ABB29A9227A24ECA00138AE0 /* LeetCode509.swift */ = {isa = PBXFileReference; lastKnownFileType = sourcecode.swift; name = LeetCode509.swift; path = "../../../06-Recursion/Swift/LeetCode509.swift"; sourceTree = "<group>"; };
		ABBD252C27508A4A00F693AB /* 02-Array */ = {isa = PBXFileReference; explicitFileType = "compiled.mach-o.executable"; includeInIndex = 0; path = "02-Array"; sourceTree = BUILT_PRODUCTS_DIR; };
		ABBD252E27508A4A00F693AB /* main.swift */ = {isa = PBXFileReference; lastKnownFileType = sourcecode.swift; path = main.swift; sourceTree = "<group>"; };
		ABBD253527508B9A00F693AB /* LeetCode-283.swift */ = {isa = PBXFileReference; lastKnownFileType = sourcecode.swift; name = "LeetCode-283.swift"; path = "../../../02-Array/Swift/LeetCode-283.swift"; sourceTree = "<group>"; };
		ABBD253727508D9100F693AB /* LeetCode-27.swift */ = {isa = PBXFileReference; lastKnownFileType = sourcecode.swift; name = "LeetCode-27.swift"; path = "../../../02-Array/Swift/LeetCode-27.swift"; sourceTree = "<group>"; };
		ABBD25392750A57000F693AB /* LeetCode-80.swift */ = {isa = PBXFileReference; lastKnownFileType = sourcecode.swift; name = "LeetCode-80.swift"; path = "../../../02-Array/Swift/LeetCode-80.swift"; sourceTree = "<group>"; };
		ABC4508C27586EAD00CD263E /* LeetCode-167.swift */ = {isa = PBXFileReference; lastKnownFileType = sourcecode.swift; name = "LeetCode-167.swift"; path = "../../../02-Array/Swift/LeetCode-167.swift"; sourceTree = "<group>"; };
		ABCFE9AC27A40D2000933511 /* 07-BinaryTree */ = {isa = PBXFileReference; explicitFileType = "compiled.mach-o.executable"; includeInIndex = 0; path = "07-BinaryTree"; sourceTree = BUILT_PRODUCTS_DIR; };
		ABCFE9AE27A40D2000933511 /* main.swift */ = {isa = PBXFileReference; lastKnownFileType = sourcecode.swift; path = main.swift; sourceTree = "<group>"; };
		ABCFE9B327A40E4A00933511 /* TreeNode.swift */ = {isa = PBXFileReference; lastKnownFileType = sourcecode.swift; name = TreeNode.swift; path = "../../../07-BinaryTree/Swift/TreeNode.swift"; sourceTree = "<group>"; };
		ABCFE9B527A40EDC00933511 /* LeetCode104.swift */ = {isa = PBXFileReference; lastKnownFileType = sourcecode.swift; name = LeetCode104.swift; path = "../../../07-BinaryTree/Swift/LeetCode104.swift"; sourceTree = "<group>"; };
		ABEB00B4279121DF001009F6 /* Stack.swift */ = {isa = PBXFileReference; fileEncoding = 4; lastKnownFileType = sourcecode.swift; name = Stack.swift; path = "../../../04-Stack/Swift/Stack.swift"; sourceTree = "<group>"; };
		ABEB00B627913C6B001009F6 /* LeetCode71.swift */ = {isa = PBXFileReference; lastKnownFileType = sourcecode.swift; name = LeetCode71.swift; path = "../../../04-Stack/Swift/LeetCode71.swift"; sourceTree = "<group>"; };
		ABF247D22761AF0900F52637 /* LeetCode-209.swift */ = {isa = PBXFileReference; lastKnownFileType = sourcecode.swift; name = "LeetCode-209.swift"; path = "../../../02-Array/Swift/LeetCode-209.swift"; sourceTree = "<group>"; };
/* End PBXFileReference section */

/* Begin PBXFrameworksBuildPhase section */
		AB3F433927997FDC00451578 /* Frameworks */ = {
			isa = PBXFrameworksBuildPhase;
			buildActionMask = 2147483647;
			files = (
			);
			runOnlyForDeploymentPostprocessing = 0;
		};
		AB7AF42D278FD3B70072C2D9 /* Frameworks */ = {
			isa = PBXFrameworksBuildPhase;
			buildActionMask = 2147483647;
			files = (
			);
			runOnlyForDeploymentPostprocessing = 0;
		};
		AB887593273A185C00EEF17B /* Frameworks */ = {
			isa = PBXFrameworksBuildPhase;
			buildActionMask = 2147483647;
			files = (
			);
			runOnlyForDeploymentPostprocessing = 0;
		};
		ABAA34E9277177F000E919AC /* Frameworks */ = {
			isa = PBXFrameworksBuildPhase;
			buildActionMask = 2147483647;
			files = (
			);
			runOnlyForDeploymentPostprocessing = 0;
		};
		ABB29A8827A24DDD00138AE0 /* Frameworks */ = {
			isa = PBXFrameworksBuildPhase;
			buildActionMask = 2147483647;
			files = (
			);
			runOnlyForDeploymentPostprocessing = 0;
		};
		ABBD252927508A4A00F693AB /* Frameworks */ = {
			isa = PBXFrameworksBuildPhase;
			buildActionMask = 2147483647;
			files = (
			);
			runOnlyForDeploymentPostprocessing = 0;
		};
		ABCFE9A927A40D2000933511 /* Frameworks */ = {
			isa = PBXFrameworksBuildPhase;
			buildActionMask = 2147483647;
			files = (
			);
			runOnlyForDeploymentPostprocessing = 0;
		};
/* End PBXFrameworksBuildPhase section */

/* Begin PBXGroup section */
		AB3F433D27997FDC00451578 /* 05-Queue */ = {
			isa = PBXGroup;
			children = (
				AB3F433E27997FDC00451578 /* main.swift */,
				ABB16B90279A58310015DE5A /* TreeNode.swift */,
				ABB16B83279A57240015DE5A /* LeetCode102.swift */,
			);
			path = "05-Queue";
			sourceTree = "<group>";
		};
		AB7AF431278FD3B70072C2D9 /* 04-Stack */ = {
			isa = PBXGroup;
			children = (
				AB7AF432278FD3B70072C2D9 /* main.swift */,
				ABEB00B4279121DF001009F6 /* Stack.swift */,
				AB5768F327966C350027F052 /* TreeNode.swift */,
				AB7AF437278FD41A0072C2D9 /* LeetCode20.swift */,
				ABEB00B627913C6B001009F6 /* LeetCode71.swift */,
				AB5768F727966DBB0027F052 /* LeetCode144.swift */,
			);
			path = "04-Stack";
			sourceTree = "<group>";
		};
		AB88758D273A185C00EEF17B = {
			isa = PBXGroup;
			children = (
				AB887598273A185C00EEF17B /* algorithms-swift */,
				ABBD252D27508A4A00F693AB /* 02-Array */,
				ABAA34ED277177F000E919AC /* 03-LinkedList */,
				AB7AF431278FD3B70072C2D9 /* 04-Stack */,
				AB3F433D27997FDC00451578 /* 05-Queue */,
				ABB29A8C27A24DDD00138AE0 /* 06-Recursion */,
				ABCFE9AD27A40D2000933511 /* 07-BinaryTree */,
				AB887597273A185C00EEF17B /* Products */,
			);
			sourceTree = "<group>";
		};
		AB887597273A185C00EEF17B /* Products */ = {
			isa = PBXGroup;
			children = (
				AB887596273A185C00EEF17B /* algorithms-swift */,
				ABBD252C27508A4A00F693AB /* 02-Array */,
				ABAA34EC277177F000E919AC /* 03-LinkedList */,
				AB7AF430278FD3B70072C2D9 /* 04-Stack */,
				AB3F433C27997FDC00451578 /* 05-Queue */,
				ABB29A8B27A24DDD00138AE0 /* 06-Recursion */,
				ABCFE9AC27A40D2000933511 /* 07-BinaryTree */,
			);
			name = Products;
			sourceTree = "<group>";
		};
		AB887598273A185C00EEF17B /* algorithms-swift */ = {
			isa = PBXGroup;
			children = (
				AB887599273A185C00EEF17B /* main.swift */,
			);
			path = "algorithms-swift";
			sourceTree = "<group>";
		};
		ABAA34ED277177F000E919AC /* 03-LinkedList */ = {
			isa = PBXGroup;
			children = (
				ABAA34EE277177F000E919AC /* main.swift */,
				ABAA34F3277179E000E919AC /* ListNode.swift */,
				ABAA34F5277181B600E919AC /* LeetCode-206.swift */,
				ABAA34F7277184C800E919AC /* LeetCode-203.swift */,
				AB200084278D28CF00E64DAD /* LeetCode-204.swift */,
				AB29AC39278EE936006ED9A5 /* LeetCode-237.swift */,
				AB29AC3D278EEE76006ED9A5 /* LeetCode-19.swift */,
			);
			path = "03-LinkedList";
			sourceTree = "<group>";
		};
		ABB29A8C27A24DDD00138AE0 /* 06-Recursion */ = {
			isa = PBXGroup;
			children = (
				ABB29A8D27A24DDD00138AE0 /* main.swift */,
				ABB29A9227A24ECA00138AE0 /* LeetCode509.swift */,
			);
			path = "06-Recursion";
			sourceTree = "<group>";
		};
		ABBD252D27508A4A00F693AB /* 02-Array */ = {
			isa = PBXGroup;
			children = (
				ABBD252E27508A4A00F693AB /* main.swift */,
				ABBD253527508B9A00F693AB /* LeetCode-283.swift */,
				ABBD253727508D9100F693AB /* LeetCode-27.swift */,
				ABBD25392750A57000F693AB /* LeetCode-80.swift */,
				ABC4508C27586EAD00CD263E /* LeetCode-167.swift */,
				ABF247D22761AF0900F52637 /* LeetCode-209.swift */,
			);
			path = "02-Array";
			sourceTree = "<group>";
		};
		ABCFE9AD27A40D2000933511 /* 07-BinaryTree */ = {
			isa = PBXGroup;
			children = (
				ABCFE9AE27A40D2000933511 /* main.swift */,
				ABCFE9B327A40E4A00933511 /* TreeNode.swift */,
				ABCFE9B527A40EDC00933511 /* LeetCode104.swift */,
				AB75A0F327B8B74000676764 /* LeetCode226.swift */,
			);
			path = "07-BinaryTree";
			sourceTree = "<group>";
		};
/* End PBXGroup section */

/* Begin PBXNativeTarget section */
		AB3F433B27997FDC00451578 /* 05-Queue */ = {
			isa = PBXNativeTarget;
			buildConfigurationList = AB3F434227997FDC00451578 /* Build configuration list for PBXNativeTarget "05-Queue" */;
			buildPhases = (
				AB3F433827997FDC00451578 /* Sources */,
				AB3F433927997FDC00451578 /* Frameworks */,
				AB3F433A27997FDC00451578 /* CopyFiles */,
			);
			buildRules = (
			);
			dependencies = (
			);
			name = "05-Queue";
			productName = "05-Queue";
			productReference = AB3F433C27997FDC00451578 /* 05-Queue */;
			productType = "com.apple.product-type.tool";
		};
		AB7AF42F278FD3B70072C2D9 /* 04-Stack */ = {
			isa = PBXNativeTarget;
			buildConfigurationList = AB7AF436278FD3B70072C2D9 /* Build configuration list for PBXNativeTarget "04-Stack" */;
			buildPhases = (
				AB7AF42C278FD3B70072C2D9 /* Sources */,
				AB7AF42D278FD3B70072C2D9 /* Frameworks */,
				AB7AF42E278FD3B70072C2D9 /* CopyFiles */,
			);
			buildRules = (
			);
			dependencies = (
			);
			name = "04-Stack";
			productName = "04-Stack";
			productReference = AB7AF430278FD3B70072C2D9 /* 04-Stack */;
			productType = "com.apple.product-type.tool";
		};
		AB887595273A185C00EEF17B /* algorithms-swift */ = {
			isa = PBXNativeTarget;
			buildConfigurationList = AB88759D273A185C00EEF17B /* Build configuration list for PBXNativeTarget "algorithms-swift" */;
			buildPhases = (
				AB887592273A185C00EEF17B /* Sources */,
				AB887593273A185C00EEF17B /* Frameworks */,
				AB887594273A185C00EEF17B /* CopyFiles */,
			);
			buildRules = (
			);
			dependencies = (
			);
			name = "algorithms-swift";
			productName = "algorithms-swift";
			productReference = AB887596273A185C00EEF17B /* algorithms-swift */;
			productType = "com.apple.product-type.tool";
		};
		ABAA34EB277177F000E919AC /* 03-LinkedList */ = {
			isa = PBXNativeTarget;
			buildConfigurationList = ABAA34F2277177F000E919AC /* Build configuration list for PBXNativeTarget "03-LinkedList" */;
			buildPhases = (
				ABAA34E8277177F000E919AC /* Sources */,
				ABAA34E9277177F000E919AC /* Frameworks */,
				ABAA34EA277177F000E919AC /* CopyFiles */,
			);
			buildRules = (
			);
			dependencies = (
			);
			name = "03-LinkedList";
			productName = "03-LinkedList";
			productReference = ABAA34EC277177F000E919AC /* 03-LinkedList */;
			productType = "com.apple.product-type.tool";
		};
		ABB29A8A27A24DDD00138AE0 /* 06-Recursion */ = {
			isa = PBXNativeTarget;
			buildConfigurationList = ABB29A9127A24DDD00138AE0 /* Build configuration list for PBXNativeTarget "06-Recursion" */;
			buildPhases = (
				ABB29A8727A24DDD00138AE0 /* Sources */,
				ABB29A8827A24DDD00138AE0 /* Frameworks */,
				ABB29A8927A24DDD00138AE0 /* CopyFiles */,
			);
			buildRules = (
			);
			dependencies = (
			);
			name = "06-Recursion";
			productName = "06-Recursion";
			productReference = ABB29A8B27A24DDD00138AE0 /* 06-Recursion */;
			productType = "com.apple.product-type.tool";
		};
		ABBD252B27508A4A00F693AB /* 02-Array */ = {
			isa = PBXNativeTarget;
			buildConfigurationList = ABBD253227508A4A00F693AB /* Build configuration list for PBXNativeTarget "02-Array" */;
			buildPhases = (
				ABBD252827508A4A00F693AB /* Sources */,
				ABBD252927508A4A00F693AB /* Frameworks */,
				ABBD252A27508A4A00F693AB /* CopyFiles */,
			);
			buildRules = (
			);
			dependencies = (
			);
			name = "02-Array";
			productName = "02-Array";
			productReference = ABBD252C27508A4A00F693AB /* 02-Array */;
			productType = "com.apple.product-type.tool";
		};
		ABCFE9AB27A40D2000933511 /* 07-BinaryTree */ = {
			isa = PBXNativeTarget;
			buildConfigurationList = ABCFE9B227A40D2000933511 /* Build configuration list for PBXNativeTarget "07-BinaryTree" */;
			buildPhases = (
				ABCFE9A827A40D2000933511 /* Sources */,
				ABCFE9A927A40D2000933511 /* Frameworks */,
				ABCFE9AA27A40D2000933511 /* CopyFiles */,
			);
			buildRules = (
			);
			dependencies = (
			);
			name = "07-BinaryTree";
			productName = "07-BinaryTree";
			productReference = ABCFE9AC27A40D2000933511 /* 07-BinaryTree */;
			productType = "com.apple.product-type.tool";
		};
/* End PBXNativeTarget section */

/* Begin PBXProject section */
		AB88758E273A185C00EEF17B /* Project object */ = {
			isa = PBXProject;
			attributes = {
				LastSwiftUpdateCheck = 1320;
				LastUpgradeCheck = 1250;
				TargetAttributes = {
					AB3F433B27997FDC00451578 = {
						CreatedOnToolsVersion = 13.2.1;
					};
					AB7AF42F278FD3B70072C2D9 = {
						CreatedOnToolsVersion = 13.2.1;
					};
					AB887595273A185C00EEF17B = {
						CreatedOnToolsVersion = 12.5.1;
					};
					ABAA34EB277177F000E919AC = {
						CreatedOnToolsVersion = 12.5.1;
					};
					ABB29A8A27A24DDD00138AE0 = {
						CreatedOnToolsVersion = 13.2.1;
					};
					ABBD252B27508A4A00F693AB = {
						CreatedOnToolsVersion = 12.5.1;
					};
					ABCFE9AB27A40D2000933511 = {
						CreatedOnToolsVersion = 13.2.1;
					};
				};
			};
			buildConfigurationList = AB887591273A185C00EEF17B /* Build configuration list for PBXProject "algorithms-swift" */;
			compatibilityVersion = "Xcode 9.3";
			developmentRegion = en;
			hasScannedForEncodings = 0;
			knownRegions = (
				en,
				Base,
			);
			mainGroup = AB88758D273A185C00EEF17B;
			productRefGroup = AB887597273A185C00EEF17B /* Products */;
			projectDirPath = "";
			projectRoot = "";
			targets = (
				AB887595273A185C00EEF17B /* algorithms-swift */,
				ABBD252B27508A4A00F693AB /* 02-Array */,
				ABAA34EB277177F000E919AC /* 03-LinkedList */,
				AB7AF42F278FD3B70072C2D9 /* 04-Stack */,
				AB3F433B27997FDC00451578 /* 05-Queue */,
				ABB29A8A27A24DDD00138AE0 /* 06-Recursion */,
				ABCFE9AB27A40D2000933511 /* 07-BinaryTree */,
			);
		};
/* End PBXProject section */

/* Begin PBXSourcesBuildPhase section */
		AB3F433827997FDC00451578 /* Sources */ = {
			isa = PBXSourcesBuildPhase;
			buildActionMask = 2147483647;
			files = (
				ABB16B84279A57240015DE5A /* LeetCode102.swift in Sources */,
				AB3F433F27997FDC00451578 /* main.swift in Sources */,
				ABB16B91279A58310015DE5A /* TreeNode.swift in Sources */,
			);
			runOnlyForDeploymentPostprocessing = 0;
		};
		AB7AF42C278FD3B70072C2D9 /* Sources */ = {
			isa = PBXSourcesBuildPhase;
			buildActionMask = 2147483647;
			files = (
				AB5768F827966DBB0027F052 /* LeetCode144.swift in Sources */,
				ABEB00B727913C6B001009F6 /* LeetCode71.swift in Sources */,
				AB7AF438278FD41A0072C2D9 /* LeetCode20.swift in Sources */,
				ABEB00B5279121DF001009F6 /* Stack.swift in Sources */,
				AB5768F427966C350027F052 /* TreeNode.swift in Sources */,
				AB7AF433278FD3B70072C2D9 /* main.swift in Sources */,
			);
			runOnlyForDeploymentPostprocessing = 0;
		};
		AB887592273A185C00EEF17B /* Sources */ = {
			isa = PBXSourcesBuildPhase;
			buildActionMask = 2147483647;
			files = (
				AB88759A273A185C00EEF17B /* main.swift in Sources */,
			);
			runOnlyForDeploymentPostprocessing = 0;
		};
		ABAA34E8277177F000E919AC /* Sources */ = {
			isa = PBXSourcesBuildPhase;
			buildActionMask = 2147483647;
			files = (
				AB29AC3E278EEE76006ED9A5 /* LeetCode-19.swift in Sources */,
				AB200085278D28CF00E64DAD /* LeetCode-204.swift in Sources */,
				AB29AC3A278EE936006ED9A5 /* LeetCode-237.swift in Sources */,
				ABAA34F8277184C800E919AC /* LeetCode-203.swift in Sources */,
				ABAA34EF277177F000E919AC /* main.swift in Sources */,
				ABAA34F4277179E000E919AC /* ListNode.swift in Sources */,
				ABAA34F6277181B600E919AC /* LeetCode-206.swift in Sources */,
			);
			runOnlyForDeploymentPostprocessing = 0;
		};
		ABB29A8727A24DDD00138AE0 /* Sources */ = {
			isa = PBXSourcesBuildPhase;
			buildActionMask = 2147483647;
			files = (
				ABB29A8E27A24DDD00138AE0 /* main.swift in Sources */,
				ABB29A9327A24ECA00138AE0 /* LeetCode509.swift in Sources */,
			);
			runOnlyForDeploymentPostprocessing = 0;
		};
		ABBD252827508A4A00F693AB /* Sources */ = {
			isa = PBXSourcesBuildPhase;
			buildActionMask = 2147483647;
			files = (
				ABBD253627508B9A00F693AB /* LeetCode-283.swift in Sources */,
				ABBD253827508D9100F693AB /* LeetCode-27.swift in Sources */,
				ABF247D32761AF0900F52637 /* LeetCode-209.swift in Sources */,
				ABC4508D27586EAD00CD263E /* LeetCode-167.swift in Sources */,
				ABBD253A2750A57000F693AB /* LeetCode-80.swift in Sources */,
				ABBD252F27508A4A00F693AB /* main.swift in Sources */,
			);
			runOnlyForDeploymentPostprocessing = 0;
		};
		ABCFE9A827A40D2000933511 /* Sources */ = {
			isa = PBXSourcesBuildPhase;
			buildActionMask = 2147483647;
			files = (
				ABCFE9B627A40EDC00933511 /* LeetCode104.swift in Sources */,
				ABCFE9AF27A40D2000933511 /* main.swift in Sources */,
				ABCFE9B427A40E4A00933511 /* TreeNode.swift in Sources */,
				AB75A0F427B8B74000676764 /* LeetCode226.swift in Sources */,
			);
			runOnlyForDeploymentPostprocessing = 0;
		};
/* End PBXSourcesBuildPhase section */

/* Begin XCBuildConfiguration section */
		AB3F434027997FDC00451578 /* Debug */ = {
			isa = XCBuildConfiguration;
			buildSettings = {
				CLANG_CXX_LANGUAGE_STANDARD = "gnu++17";
				CODE_SIGN_STYLE = Automatic;
				PRODUCT_NAME = "$(TARGET_NAME)";
				SWIFT_VERSION = 5.0;
			};
			name = Debug;
		};
		AB3F434127997FDC00451578 /* Release */ = {
			isa = XCBuildConfiguration;
			buildSettings = {
				CLANG_CXX_LANGUAGE_STANDARD = "gnu++17";
				CODE_SIGN_STYLE = Automatic;
				PRODUCT_NAME = "$(TARGET_NAME)";
				SWIFT_VERSION = 5.0;
			};
			name = Release;
		};
		AB7AF434278FD3B70072C2D9 /* Debug */ = {
			isa = XCBuildConfiguration;
			buildSettings = {
				CLANG_CXX_LANGUAGE_STANDARD = "gnu++17";
				CODE_SIGN_STYLE = Automatic;
				PRODUCT_NAME = "$(TARGET_NAME)";
				SWIFT_VERSION = 5.0;
			};
			name = Debug;
		};
		AB7AF435278FD3B70072C2D9 /* Release */ = {
			isa = XCBuildConfiguration;
			buildSettings = {
				CLANG_CXX_LANGUAGE_STANDARD = "gnu++17";
				CODE_SIGN_STYLE = Automatic;
				PRODUCT_NAME = "$(TARGET_NAME)";
				SWIFT_VERSION = 5.0;
			};
			name = Release;
		};
		AB88759B273A185C00EEF17B /* Debug */ = {
			isa = XCBuildConfiguration;
			buildSettings = {
				ALWAYS_SEARCH_USER_PATHS = NO;
				CLANG_ANALYZER_NONNULL = YES;
				CLANG_ANALYZER_NUMBER_OBJECT_CONVERSION = YES_AGGRESSIVE;
				CLANG_CXX_LANGUAGE_STANDARD = "gnu++14";
				CLANG_CXX_LIBRARY = "libc++";
				CLANG_ENABLE_MODULES = YES;
				CLANG_ENABLE_OBJC_ARC = YES;
				CLANG_ENABLE_OBJC_WEAK = YES;
				CLANG_WARN_BLOCK_CAPTURE_AUTORELEASING = YES;
				CLANG_WARN_BOOL_CONVERSION = YES;
				CLANG_WARN_COMMA = YES;
				CLANG_WARN_CONSTANT_CONVERSION = YES;
				CLANG_WARN_DEPRECATED_OBJC_IMPLEMENTATIONS = YES;
				CLANG_WARN_DIRECT_OBJC_ISA_USAGE = YES_ERROR;
				CLANG_WARN_DOCUMENTATION_COMMENTS = YES;
				CLANG_WARN_EMPTY_BODY = YES;
				CLANG_WARN_ENUM_CONVERSION = YES;
				CLANG_WARN_INFINITE_RECURSION = YES;
				CLANG_WARN_INT_CONVERSION = YES;
				CLANG_WARN_NON_LITERAL_NULL_CONVERSION = YES;
				CLANG_WARN_OBJC_IMPLICIT_RETAIN_SELF = YES;
				CLANG_WARN_OBJC_LITERAL_CONVERSION = YES;
				CLANG_WARN_OBJC_ROOT_CLASS = YES_ERROR;
				CLANG_WARN_QUOTED_INCLUDE_IN_FRAMEWORK_HEADER = YES;
				CLANG_WARN_RANGE_LOOP_ANALYSIS = YES;
				CLANG_WARN_STRICT_PROTOTYPES = YES;
				CLANG_WARN_SUSPICIOUS_MOVE = YES;
				CLANG_WARN_UNGUARDED_AVAILABILITY = YES_AGGRESSIVE;
				CLANG_WARN_UNREACHABLE_CODE = YES;
				CLANG_WARN__DUPLICATE_METHOD_MATCH = YES;
				COPY_PHASE_STRIP = NO;
				DEBUG_INFORMATION_FORMAT = dwarf;
				ENABLE_STRICT_OBJC_MSGSEND = YES;
				ENABLE_TESTABILITY = YES;
				GCC_C_LANGUAGE_STANDARD = gnu11;
				GCC_DYNAMIC_NO_PIC = NO;
				GCC_NO_COMMON_BLOCKS = YES;
				GCC_OPTIMIZATION_LEVEL = 0;
				GCC_PREPROCESSOR_DEFINITIONS = (
					"DEBUG=1",
					"$(inherited)",
				);
				GCC_WARN_64_TO_32_BIT_CONVERSION = YES;
				GCC_WARN_ABOUT_RETURN_TYPE = YES_ERROR;
				GCC_WARN_UNDECLARED_SELECTOR = YES;
				GCC_WARN_UNINITIALIZED_AUTOS = YES_AGGRESSIVE;
				GCC_WARN_UNUSED_FUNCTION = YES;
				GCC_WARN_UNUSED_VARIABLE = YES;
				MACOSX_DEPLOYMENT_TARGET = 11.3;
				MTL_ENABLE_DEBUG_INFO = INCLUDE_SOURCE;
				MTL_FAST_MATH = YES;
				ONLY_ACTIVE_ARCH = YES;
				SDKROOT = macosx;
				SWIFT_ACTIVE_COMPILATION_CONDITIONS = DEBUG;
				SWIFT_OPTIMIZATION_LEVEL = "-Onone";
			};
			name = Debug;
		};
		AB88759C273A185C00EEF17B /* Release */ = {
			isa = XCBuildConfiguration;
			buildSettings = {
				ALWAYS_SEARCH_USER_PATHS = NO;
				CLANG_ANALYZER_NONNULL = YES;
				CLANG_ANALYZER_NUMBER_OBJECT_CONVERSION = YES_AGGRESSIVE;
				CLANG_CXX_LANGUAGE_STANDARD = "gnu++14";
				CLANG_CXX_LIBRARY = "libc++";
				CLANG_ENABLE_MODULES = YES;
				CLANG_ENABLE_OBJC_ARC = YES;
				CLANG_ENABLE_OBJC_WEAK = YES;
				CLANG_WARN_BLOCK_CAPTURE_AUTORELEASING = YES;
				CLANG_WARN_BOOL_CONVERSION = YES;
				CLANG_WARN_COMMA = YES;
				CLANG_WARN_CONSTANT_CONVERSION = YES;
				CLANG_WARN_DEPRECATED_OBJC_IMPLEMENTATIONS = YES;
				CLANG_WARN_DIRECT_OBJC_ISA_USAGE = YES_ERROR;
				CLANG_WARN_DOCUMENTATION_COMMENTS = YES;
				CLANG_WARN_EMPTY_BODY = YES;
				CLANG_WARN_ENUM_CONVERSION = YES;
				CLANG_WARN_INFINITE_RECURSION = YES;
				CLANG_WARN_INT_CONVERSION = YES;
				CLANG_WARN_NON_LITERAL_NULL_CONVERSION = YES;
				CLANG_WARN_OBJC_IMPLICIT_RETAIN_SELF = YES;
				CLANG_WARN_OBJC_LITERAL_CONVERSION = YES;
				CLANG_WARN_OBJC_ROOT_CLASS = YES_ERROR;
				CLANG_WARN_QUOTED_INCLUDE_IN_FRAMEWORK_HEADER = YES;
				CLANG_WARN_RANGE_LOOP_ANALYSIS = YES;
				CLANG_WARN_STRICT_PROTOTYPES = YES;
				CLANG_WARN_SUSPICIOUS_MOVE = YES;
				CLANG_WARN_UNGUARDED_AVAILABILITY = YES_AGGRESSIVE;
				CLANG_WARN_UNREACHABLE_CODE = YES;
				CLANG_WARN__DUPLICATE_METHOD_MATCH = YES;
				COPY_PHASE_STRIP = NO;
				DEBUG_INFORMATION_FORMAT = "dwarf-with-dsym";
				ENABLE_NS_ASSERTIONS = NO;
				ENABLE_STRICT_OBJC_MSGSEND = YES;
				GCC_C_LANGUAGE_STANDARD = gnu11;
				GCC_NO_COMMON_BLOCKS = YES;
				GCC_WARN_64_TO_32_BIT_CONVERSION = YES;
				GCC_WARN_ABOUT_RETURN_TYPE = YES_ERROR;
				GCC_WARN_UNDECLARED_SELECTOR = YES;
				GCC_WARN_UNINITIALIZED_AUTOS = YES_AGGRESSIVE;
				GCC_WARN_UNUSED_FUNCTION = YES;
				GCC_WARN_UNUSED_VARIABLE = YES;
				MACOSX_DEPLOYMENT_TARGET = 11.3;
				MTL_ENABLE_DEBUG_INFO = NO;
				MTL_FAST_MATH = YES;
				SDKROOT = macosx;
				SWIFT_COMPILATION_MODE = wholemodule;
				SWIFT_OPTIMIZATION_LEVEL = "-O";
			};
			name = Release;
		};
		AB88759E273A185C00EEF17B /* Debug */ = {
			isa = XCBuildConfiguration;
			buildSettings = {
				CODE_SIGN_STYLE = Automatic;
				PRODUCT_NAME = "$(TARGET_NAME)";
				SWIFT_VERSION = 5.0;
			};
			name = Debug;
		};
		AB88759F273A185C00EEF17B /* Release */ = {
			isa = XCBuildConfiguration;
			buildSettings = {
				CODE_SIGN_STYLE = Automatic;
				PRODUCT_NAME = "$(TARGET_NAME)";
				SWIFT_VERSION = 5.0;
			};
			name = Release;
		};
		ABAA34F0277177F000E919AC /* Debug */ = {
			isa = XCBuildConfiguration;
			buildSettings = {
				CODE_SIGN_STYLE = Automatic;
				PRODUCT_NAME = "$(TARGET_NAME)";
				SWIFT_VERSION = 5.0;
			};
			name = Debug;
		};
		ABAA34F1277177F000E919AC /* Release */ = {
			isa = XCBuildConfiguration;
			buildSettings = {
				CODE_SIGN_STYLE = Automatic;
				PRODUCT_NAME = "$(TARGET_NAME)";
				SWIFT_VERSION = 5.0;
			};
			name = Release;
		};
		ABB29A8F27A24DDD00138AE0 /* Debug */ = {
			isa = XCBuildConfiguration;
			buildSettings = {
				CLANG_CXX_LANGUAGE_STANDARD = "gnu++17";
				CODE_SIGN_STYLE = Automatic;
				PRODUCT_NAME = "$(TARGET_NAME)";
				SWIFT_VERSION = 5.0;
			};
			name = Debug;
		};
		ABB29A9027A24DDD00138AE0 /* Release */ = {
			isa = XCBuildConfiguration;
			buildSettings = {
				CLANG_CXX_LANGUAGE_STANDARD = "gnu++17";
				CODE_SIGN_STYLE = Automatic;
				PRODUCT_NAME = "$(TARGET_NAME)";
				SWIFT_VERSION = 5.0;
			};
			name = Release;
		};
		ABBD253027508A4A00F693AB /* Debug */ = {
			isa = XCBuildConfiguration;
			buildSettings = {
				CODE_SIGN_STYLE = Automatic;
				PRODUCT_NAME = "$(TARGET_NAME)";
				SWIFT_VERSION = 5.0;
			};
			name = Debug;
		};
		ABBD253127508A4A00F693AB /* Release */ = {
			isa = XCBuildConfiguration;
			buildSettings = {
				CODE_SIGN_STYLE = Automatic;
				PRODUCT_NAME = "$(TARGET_NAME)";
				SWIFT_VERSION = 5.0;
			};
			name = Release;
		};
		ABCFE9B027A40D2000933511 /* Debug */ = {
			isa = XCBuildConfiguration;
			buildSettings = {
				CLANG_CXX_LANGUAGE_STANDARD = "gnu++17";
				CODE_SIGN_STYLE = Automatic;
				PRODUCT_NAME = "$(TARGET_NAME)";
				SWIFT_VERSION = 5.0;
			};
			name = Debug;
		};
		ABCFE9B127A40D2000933511 /* Release */ = {
			isa = XCBuildConfiguration;
			buildSettings = {
				CLANG_CXX_LANGUAGE_STANDARD = "gnu++17";
				CODE_SIGN_STYLE = Automatic;
				PRODUCT_NAME = "$(TARGET_NAME)";
				SWIFT_VERSION = 5.0;
			};
			name = Release;
		};
/* End XCBuildConfiguration section */

/* Begin XCConfigurationList section */
		AB3F434227997FDC00451578 /* Build configuration list for PBXNativeTarget "05-Queue" */ = {
			isa = XCConfigurationList;
			buildConfigurations = (
				AB3F434027997FDC00451578 /* Debug */,
				AB3F434127997FDC00451578 /* Release */,
			);
			defaultConfigurationIsVisible = 0;
			defaultConfigurationName = Release;
		};
		AB7AF436278FD3B70072C2D9 /* Build configuration list for PBXNativeTarget "04-Stack" */ = {
			isa = XCConfigurationList;
			buildConfigurations = (
				AB7AF434278FD3B70072C2D9 /* Debug */,
				AB7AF435278FD3B70072C2D9 /* Release */,
			);
			defaultConfigurationIsVisible = 0;
			defaultConfigurationName = Release;
		};
		AB887591273A185C00EEF17B /* Build configuration list for PBXProject "algorithms-swift" */ = {
			isa = XCConfigurationList;
			buildConfigurations = (
				AB88759B273A185C00EEF17B /* Debug */,
				AB88759C273A185C00EEF17B /* Release */,
			);
			defaultConfigurationIsVisible = 0;
			defaultConfigurationName = Release;
		};
		AB88759D273A185C00EEF17B /* Build configuration list for PBXNativeTarget "algorithms-swift" */ = {
			isa = XCConfigurationList;
			buildConfigurations = (
				AB88759E273A185C00EEF17B /* Debug */,
				AB88759F273A185C00EEF17B /* Release */,
			);
			defaultConfigurationIsVisible = 0;
			defaultConfigurationName = Release;
		};
		ABAA34F2277177F000E919AC /* Build configuration list for PBXNativeTarget "03-LinkedList" */ = {
			isa = XCConfigurationList;
			buildConfigurations = (
				ABAA34F0277177F000E919AC /* Debug */,
				ABAA34F1277177F000E919AC /* Release */,
			);
			defaultConfigurationIsVisible = 0;
			defaultConfigurationName = Release;
		};
		ABB29A9127A24DDD00138AE0 /* Build configuration list for PBXNativeTarget "06-Recursion" */ = {
			isa = XCConfigurationList;
			buildConfigurations = (
				ABB29A8F27A24DDD00138AE0 /* Debug */,
				ABB29A9027A24DDD00138AE0 /* Release */,
			);
			defaultConfigurationIsVisible = 0;
			defaultConfigurationName = Release;
		};
		ABBD253227508A4A00F693AB /* Build configuration list for PBXNativeTarget "02-Array" */ = {
			isa = XCConfigurationList;
			buildConfigurations = (
				ABBD253027508A4A00F693AB /* Debug */,
				ABBD253127508A4A00F693AB /* Release */,
			);
			defaultConfigurationIsVisible = 0;
			defaultConfigurationName = Release;
		};
		ABCFE9B227A40D2000933511 /* Build configuration list for PBXNativeTarget "07-BinaryTree" */ = {
			isa = XCConfigurationList;
			buildConfigurations = (
				ABCFE9B027A40D2000933511 /* Debug */,
				ABCFE9B127A40D2000933511 /* Release */,
			);
			defaultConfigurationIsVisible = 0;
			defaultConfigurationName = Release;
		};
/* End XCConfigurationList section */
	};
	rootObject = AB88758E273A185C00EEF17B /* Project object */;
}
